<?xml version="1.0" encoding="utf-8"?>
<Project ToolsVersion="4.0" xmlns="http://schemas.microsoft.com/developer/msbuild/2003">
  <ItemGroup>
    <ClCompile Include="core\AB.cpp" />
    <ClCompile Include="core\Hub.cpp" />
    <ClCompile Include="core\Pipeline.cpp" />
    <ClCompile Include="core\ShareData.cpp" />
    <ClCompile Include="core\ThreadObject.cpp" />
    <ClCompile Include="core\Timer.cpp" />
    <ClCompile Include="core\main.cpp" />
    <ClCompile Include="core\Console.cpp" />
    <ClCompile Include="support\ni\include\dio\dioHelper.cpp" />
    <ClCompile Include="support\ni\include\dio\pfiDioHelper.cpp" />
    <ClCompile Include="support\ni\include\inTimer\aiHelper.cpp" />
    <ClCompile Include="support\ni\include\inTimer\diHelper.cpp" />
    <ClCompile Include="support\ni\include\inTimer\inTimerHelper.cpp" />
    <ClCompile Include="support\ni\include\inTimer\inTimerParams.cpp" />
    <ClCompile Include="support\ni\include\outTimer\aoHelper.cpp" />
    <ClCompile Include="support\ni\include\outTimer\doHelper.cpp" />
    <ClCompile Include="support\ni\include\outTimer\outTimerHelper.cpp" />
    <ClCompile Include="core\Logger.cpp" />
    <ClCompile Include="abs\TestInput.cpp" />
    <ClCompile Include="abs\AbNiDo.cpp" />
    <ClCompile Include="abs\AbNiDi.cpp" />
    <ClCompile Include="abs\AbNiAo.cpp" />
    <ClCompile Include="abs\AbNiAi.cpp" />
    <ClCompile Include="core\Global.cpp" />
    <ClCompile Include="core\TestFunc.cpp" />
    <ClCompile Include="core\UdpHelper.cpp" />
    <ClCompile Include="core\Rfm.cpp" />
    <ClCompile Include="core\RemoteControl.cpp" />
    <ClCompile Include="core\Cmd.cpp" />
    <ClCompile Include="abs\Ratio.cpp" />
  </ItemGroup>
  <ItemGroup>
    <ClInclude Include="core\AB.h" />
    <ClInclude Include="core\Hub.h" />
    <ClInclude Include="core\Pipeline.h" />
    <ClInclude Include="core\ShareData.h" />
    <ClInclude Include="core\ThreadObject.h" />
    <ClInclude Include="core\ThreadSync.h" />
    <ClInclude Include="core\Timer.h" />
    <ClInclude Include="core\Console.h" />
    <ClInclude Include="support\ni\include\CHInCh\dmaErrors.h" />
    <ClInclude Include="support\ni\include\CHInCh\dmaProperties.h" />
    <ClInclude Include="support\ni\include\CHInCh\tCHInChDMAChannel.h" />
    <ClInclude Include="support\ni\include\CHInCh\tCHInChDMAChannelController.h" />
    <ClInclude Include="support\ni\include\CHInCh\tCHInChSGL.h" />
    <ClInclude Include="support\ni\include\CHInCh\tCHInChSGLChunkyLink.h" />
    <ClInclude Include="support\ni\include\CHInCh\tDMABuffer.h" />
    <ClInclude Include="support\ni\include\CHInCh\tLinearDMABuffer.h" />
    <ClInclude Include="support\ni\include\CHInCh\tLinkInformation.h" />
    <ClInclude Include="support\ni\include\CHInCh\tScatterGatherDMABuffer.h" />
    <ClInclude Include="support\ni\include\dio\dioHelper.h" />
    <ClInclude Include="support\ni\include\dio\pfiDioHelper.h" />
    <ClInclude Include="support\ni\include\inTimer\aiHelper.h" />
    <ClInclude Include="support\ni\include\inTimer\diHelper.h" />
    <ClInclude Include="support\ni\include\inTimer\inTimerHelper.h" />
    <ClInclude Include="support\ni\include\inTimer\inTimerParams.h" />
    <ClInclude Include="support\ni\include\outTimer\aoHelper.h" />
    <ClInclude Include="support\ni\include\outTimer\doHelper.h" />
    <ClInclude Include="support\ni\include\outTimer\outTimerHelper.h" />
    <ClInclude Include="support\ni\include\counterResetHelper.h" />
    <ClInclude Include="support\ni\include\dataHelper.h" />
    <ClInclude Include="support\ni\include\devices.h" />
    <ClInclude Include="support\ni\include\eepromHelper.h" />
    <ClInclude Include="support\ni\include\osiBus.h" />
    <ClInclude Include="support\ni\include\osiTypes.h" />
    <ClInclude Include="support\ni\include\pfiRtsiResetHelper.h" />
    <ClInclude Include="support\ni\include\pllHelper.h" />
    <ClInclude Include="support\ni\include\simultaneousInit.h" />
    <ClInclude Include="support\ni\include\streamHelper.h" />
    <ClInclude Include="support\ni\include\tAI.h" />
    <ClInclude Include="support\ni\include\tAIValues.h" />
    <ClInclude Include="support\ni\include\tAO.h" />
    <ClInclude Include="support\ni\include\tAOValues.h" />
    <ClInclude Include="support\ni\include\tBrdServices.h" />
    <ClInclude Include="support\ni\include\tBrdServicesValues.h" />
    <ClInclude Include="support\ni\include\tBusInterface.h" />
    <ClInclude Include="support\ni\include\tBusInterfaceValues.h" />
    <ClInclude Include="support\ni\include\tCHInCh.h" />
    <ClInclude Include="support\ni\include\tCHInChValues.h" />
    <ClInclude Include="support\ni\include\tCounter.h" />
    <ClInclude Include="support\ni\include\tCounterValues.h" />
    <ClInclude Include="support\ni\include\tDI.h" />
    <ClInclude Include="support\ni\include\tDIValues.h" />
    <ClInclude Include="support\ni\include\tDMAController.h" />
    <ClInclude Include="support\ni\include\tDMAControllerValues.h" />
    <ClInclude Include="support\ni\include\tDO.h" />
    <ClInclude Include="support\ni\include\tDOValues.h" />
    <ClInclude Include="support\ni\include\tInTimer.h" />
    <ClInclude Include="support\ni\include\tInTimerValues.h" />
    <ClInclude Include="support\ni\include\tOutTimer.h" />
    <ClInclude Include="support\ni\include\tOutTimerValues.h" />
    <ClInclude Include="support\ni\include\tSimultaneousControl.h" />
    <ClInclude Include="support\ni\include\tSimultaneousControlValues.h" />
    <ClInclude Include="support\ni\include\tStreamCircuitRegMap.h" />
    <ClInclude Include="support\ni\include\tStreamCircuitRegMapValues.h" />
    <ClInclude Include="support\ni\include\tTriggers.h" />
    <ClInclude Include="support\ni\include\tTriggersValues.h" />
    <ClInclude Include="support\ni\include\tXSeries.h" />
    <ClInclude Include="support\ni\include\tXSeriesValues.h" />
    <ClInclude Include="core\Logger.h" />
    <ClInclude Include="abs\TestInput.h" />
    <ClInclude Include="abs\AbNiDo.h" />
    <ClInclude Include="abs\AbNiDi.h" />
    <ClInclude Include="abs\AbNiAo.h" />
    <ClInclude Include="abs\AbNiAi.h" />
    <ClInclude Include="support\log4cplus\include\log4cplus\boost\deviceappender.hxx" />
    <ClInclude Include="support\log4cplus\include\log4cplus\config\defines.hxx" />
    <ClInclude Include="support\log4cplus\include\log4cplus\config\macosx.h" />
    <ClInclude Include="support\log4cplus\include\log4cplus\config\win32.h" />
    <ClInclude Include="support\log4cplus\include\log4cplus\config\windowsh-inc.h" />
    <ClInclude Include="support\log4cplus\include\log4cplus\helpers\appenderattachableimpl.h" />
    <ClInclude Include="support\log4cplus\include\log4cplus\helpers\fileinfo.h" />
    <ClInclude Include="support\log4cplus\include\log4cplus\helpers\lockfile.h" />
    <ClInclude Include="support\log4cplus\include\log4cplus\helpers\loglog.h" />
    <ClInclude Include="support\log4cplus\include\log4cplus\helpers\logloguser.h" />
    <ClInclude Include="support\log4cplus\include\log4cplus\helpers\pointer.h" />
    <ClInclude Include="support\log4cplus\include\log4cplus\helpers\property.h" />
    <ClInclude Include="support\log4cplus\include\log4cplus\helpers\queue.h" />
    <ClInclude Include="support\log4cplus\include\log4cplus\helpers\sleep.h" />
    <ClInclude Include="support\log4cplus\include\log4cplus\helpers\snprintf.h" />
    <ClInclude Include="support\log4cplus\include\log4cplus\helpers\socket.h" />
    <ClInclude Include="support\log4cplus\include\log4cplus\helpers\socketbuffer.h" />
    <ClInclude Include="support\log4cplus\include\log4cplus\helpers\stringhelper.h" />
    <ClInclude Include="support\log4cplus\include\log4cplus\helpers\thread-config.h" />
    <ClInclude Include="support\log4cplus\include\log4cplus\helpers\timehelper.h" />
    <ClInclude Include="support\log4cplus\include\log4cplus\internal\cygwin-win32.h" />
    <ClInclude Include="support\log4cplus\include\log4cplus\internal\env.h" />
    <ClInclude Include="support\log4cplus\include\log4cplus\internal\internal.h" />
    <ClInclude Include="support\log4cplus\include\log4cplus\internal\socket.h" />
    <ClInclude Include="support\log4cplus\include\log4cplus\spi\appenderattachable.h" />
    <ClInclude Include="support\log4cplus\include\log4cplus\spi\factory.h" />
    <ClInclude Include="support\log4cplus\include\log4cplus\spi\filter.h" />
    <ClInclude Include="support\log4cplus\include\log4cplus\spi\loggerfactory.h" />
    <ClInclude Include="support\log4cplus\include\log4cplus\spi\loggerimpl.h" />
    <ClInclude Include="support\log4cplus\include\log4cplus\spi\loggingevent.h" />
    <ClInclude Include="support\log4cplus\include\log4cplus\spi\objectregistry.h" />
    <ClInclude Include="support\log4cplus\include\log4cplus\spi\rootlogger.h" />
    <ClInclude Include="support\log4cplus\include\log4cplus\thread\impl\syncprims-impl.h" />
    <ClInclude Include="support\log4cplus\include\log4cplus\thread\impl\syncprims-pthreads.h" />
    <ClInclude Include="support\log4cplus\include\log4cplus\thread\impl\syncprims-win32.h" />
    <ClInclude Include="support\log4cplus\include\log4cplus\thread\impl\threads-impl.h" />
    <ClInclude Include="support\log4cplus\include\log4cplus\thread\impl\tls.h" />
    <ClInclude Include="support\log4cplus\include\log4cplus\thread\syncprims.h" />
    <ClInclude Include="support\log4cplus\include\log4cplus\thread\syncprims-pub-impl.h" />
    <ClInclude Include="support\log4cplus\include\log4cplus\thread\threads.h" />
    <ClInclude Include="support\log4cplus\include\log4cplus\appender.h" />
    <ClInclude Include="support\log4cplus\include\log4cplus\asyncappender.h" />
    <ClInclude Include="support\log4cplus\include\log4cplus\clogger.h" />
    <ClInclude Include="support\log4cplus\include\log4cplus\config.hxx" />
    <ClInclude Include="support\log4cplus\include\log4cplus\configurator.h" />
    <ClInclude Include="support\log4cplus\include\log4cplus\consoleappender.h" />
    <ClInclude Include="support\log4cplus\include\log4cplus\fileappender.h" />
    <ClInclude Include="support\log4cplus\include\log4cplus\fstreams.h" />
    <ClInclude Include="support\log4cplus\include\log4cplus\hierarchy.h" />
    <ClInclude Include="support\log4cplus\include\log4cplus\hierarchylocker.h" />
    <ClInclude Include="support\log4cplus\include\log4cplus\layout.h" />
    <ClInclude Include="support\log4cplus\include\log4cplus\log4judpappender.h" />
    <ClInclude Include="support\log4cplus\include\log4cplus\logger.h" />
    <ClInclude Include="support\log4cplus\include\log4cplus\loggingmacros.h" />
    <ClInclude Include="support\log4cplus\include\log4cplus\loglevel.h" />
    <ClInclude Include="support\log4cplus\include\log4cplus\mdc.h" />
    <ClInclude Include="support\log4cplus\include\log4cplus\ndc.h" />
    <ClInclude Include="support\log4cplus\include\log4cplus\nteventlogappender.h" />
    <ClInclude Include="support\log4cplus\include\log4cplus\nullappender.h" />
    <ClInclude Include="support\log4cplus\include\log4cplus\qt4debugappender.h" />
    <ClInclude Include="support\log4cplus\include\log4cplus\socketappender.h" />
    <ClInclude Include="support\log4cplus\include\log4cplus\streams.h" />
    <ClInclude Include="support\log4cplus\include\log4cplus\syslogappender.h" />
    <ClInclude Include="support\log4cplus\include\log4cplus\tchar.h" />
    <ClInclude Include="support\log4cplus\include\log4cplus\tracelogger.h" />
    <ClInclude Include="support\log4cplus\include\log4cplus\tstring.h" />
    <ClInclude Include="support\log4cplus\include\log4cplus\version.h" />
    <ClInclude Include="support\log4cplus\include\log4cplus\win32consoleappender.h" />
    <ClInclude Include="support\log4cplus\include\log4cplus\win32debugappender.h" />
    <ClInclude Include="core\Global.h" />
    <ClInclude Include="core\TestFunc.h" />
    <ClInclude Include="support\rfm\include\rfm2g_api.h" />
    <ClInclude Include="support\rfm\include\rfm2g_defs.h" />
    <ClInclude Include="support\rfm\include\rfm2g_defs_linux.h" />
    <ClInclude Include="support\rfm\include\rfm2g_errno.h" />
    <ClInclude Include="support\rfm\include\rfm2g_ioctl.h" />
    <ClInclude Include="support\rfm\include\rfm2g_kinc.h" />
    <ClInclude Include="support\rfm\include\rfm2g_osspec.h" />
    <ClInclude Include="support\rfm\include\rfm2g_regs.h" />
    <ClInclude Include="support\rfm\include\rfm2g_struct.h" />
    <ClInclude Include="support\rfm\include\rfm2g_types.h" />
    <ClInclude Include="support\rfm\include\rfm2g_version.h" />
    <ClInclude Include="support\rfm\lib\rfm2g_api.h" />
    <ClInclude Include="support\rfm\lib\rfm2g_defs.h" />
    <ClInclude Include="support\rfm\lib\rfm2g_defs_linux.h" />
    <ClInclude Include="support\rfm\lib\rfm2g_errno.h" />
    <ClInclude Include="support\rfm\lib\rfm2g_ioctl.h" />
    <ClInclude Include="support\rfm\lib\rfm2g_osspec.h" />
    <ClInclude Include="support\rfm\lib\rfm2g_regs.h" />
    <ClInclude Include="support\rfm\lib\rfm2g_struct.h" />
    <ClInclude Include="support\rfm\lib\rfm2g_types.h" />
    <ClInclude Include="support\rfm\lib\rfm2g_version.h" />
    <ClInclude Include="core\UdpHelper.h" />
    <ClInclude Include="core\Rfm.h" />
    <ClInclude Include="core\RemoteControl.h" />
    <ClInclude Include="core\Cmd.h" />
    <ClInclude Include="abs\Ratio.h" />
  </ItemGroup>
  <ItemGroup>
    <Library Include="support\ni\lib\libni.a" />
    <Library Include="support\ni\lib\libni.so" />
    <Library Include="support\rfm\lib\librfm2g.a" />
  </ItemGroup>
  <ItemGroup>
    <None Include="support\ni\include\dataHelper.ipp" />
    <None Include="support\ni\include\tAI.ipp" />
    <None Include="support\ni\include\tAO.ipp" />
    <None Include="support\ni\include\tBrdServices.ipp" />
    <None Include="support\ni\include\tBusInterface.ipp" />
    <None Include="support\ni\include\tCHInCh.ipp" />
    <None Include="support\ni\include\tCounter.ipp" />
    <None Include="support\ni\include\tDI.ipp" />
    <None Include="support\ni\include\tDMAController.ipp" />
    <None Include="support\ni\include\tDO.ipp" />
    <None Include="support\ni\include\tInTimer.ipp" />
    <None Include="support\ni\include\tOutTimer.ipp" />
    <None Include="support\ni\include\tSimultaneousControl.ipp" />
    <None Include="support\ni\include\tStreamCircuitRegMap.ipp" />
    <None Include="support\ni\include\tTriggers.ipp" />
    <None Include="support\ni\include\tXSeries.ipp" />
    <None Include="support\ni\include\inTimer\inTimerParams.ipp" />
    <None Include="support\log4cplus\include\log4cplus\stamp-h1" />
  </ItemGroup>
  <ItemGroup>
    <Text Include="support\ni\Makefile" />
  </ItemGroup>
</Project>